
Microsoft Visual Studio Solution File, Format Version 12.00
# Visual Studio Version 16
VisualStudioVersion = 16.0.30517.126
MinimumVisualStudioVersion = 10.0.40219.1
Project("{FAE04EC0-301F-11D3-BF4B-00C04F79EFBC}") = "JamAmp", "JamAmp\JamAmp.csproj", "{B1DC79F9-B67D-41D2-A4A5-B1209B3AF3CE}"
EndProject
Global
	GlobalSection(SolutionConfigurationPlatforms) = preSolution
		Debug|Any CPU = Debug|Any CPU
		Release|Any CPU = Release|Any CPU
	EndGlobalSection
	GlobalSection(ProjectConfigurationPlatforms) = postSolution
		{B1DC79F9-B67D-41D2-A4A5-B1209B3AF3CE}.Debug|Any CPU.ActiveCfg = Debug|Any CPU
		{B1DC79F9-B67D-41D2-A4A5-B1209B3AF3CE}.Debug|Any CPU.Build.0 = Debug|Any CPU
		{B1DC79F9-B67D-41D2-A4A5-B1209B3AF3CE}.Release|Any CPU.ActiveCfg = Release|Any CPU
		{B1DC79F9-B67D-41D2-A4A5-B1209B3AF3CE}.Release|Any CPU.Build.0 = Release|Any CPU
	EndGlobalSection
	GlobalSection(SolutionProperties) = preSolution
		HideSolutionNode = FALSE
	EndGlobalSection
	GlobalSection(ExtensibilityGlobals) = postSolution
		SolutionGuid = {E0DA95B3-CCAB-4947-A927-686594E927D7}
	EndGlobalSection
EndGlobal
